
Microsoft Visual Studio Solution File, Format Version 12.00
# Visual Studio 14
VisualStudioVersion = 14.0.23107.0
MinimumVisualStudioVersion = 10.0.40219.1
Project("{2150E333-8FDC-42A3-9474-1A3956D46DE8}") = "CarRental", "CarRental", "{182FDC14-93AC-404C-9856-166411035C7C}"
EndProject
Project("{2150E333-8FDC-42A3-9474-1A3956D46DE8}") = "Model", "Model", "{ED8895C1-4950-406F-B432-33D3D0D0DEAF}"
	ProjectSection(SolutionItems) = preProject
		Admin.cs = Admin.cs
		Auto.cs = Auto.cs
		CatalogAuto.cs = CatalogAuto.cs
		CatalogTrailers.cs = CatalogTrailers.cs
		Client.cs = Client.cs
		Order.cs = Order.cs
		Trailer.cs = Trailer.cs
	EndProjectSection
EndProject
Project("{2150E333-8FDC-42A3-9474-1A3956D46DE8}") = "BasicModel", "BasicModel", "{DF43E8F9-873D-4261-A89F-75175103B2D9}"
	ProjectSection(SolutionItems) = preProject
		BusinesObject.cs = BusinesObject.cs
		Product.cs = Product.cs
		User.cs = User.cs
	EndProjectSection
EndProject
Global
	GlobalSection(SolutionProperties) = preSolution
		HideSolutionNode = FALSE
	EndGlobalSection
	GlobalSection(NestedProjects) = preSolution
		{ED8895C1-4950-406F-B432-33D3D0D0DEAF} = {182FDC14-93AC-404C-9856-166411035C7C}
		{DF43E8F9-873D-4261-A89F-75175103B2D9} = {ED8895C1-4950-406F-B432-33D3D0D0DEAF}
	EndGlobalSection
EndGlobal
